
Microsoft Visual Studio Solution File, Format Version 12.00
# Visual Studio Version 17
VisualStudioVersion = 17.0.32014.148
MinimumVisualStudioVersion = 10.0.40219.1
Project("{F184B08F-C81C-45F6-A57F-5ABD9991F28F}") = "QuizKurs", "EduQuiz\QuizKurs.vbproj", "{0B60D567-DF77-4F0B-8E3E-BCC566F8AA8D}"
EndProject
Project("{778DAE3C-4631-46EA-AA77-85C1314464D9}") = "VBlib", "VBlibek\VBlib.vbproj", "{EF12FE5A-B03C-486E-9075-5A77CBC473DE}"
EndProject
Project("{778DAE3C-4631-46EA-AA77-85C1314464D9}") = "QuizKursWPF", "QuizKursWPF\QuizKursWPF.vbproj", "{1A328D2A-300B-4654-8172-51AC4D39F11A}"
EndProject
Project("{FAE04EC0-301F-11D3-BF4B-00C04F79EFBC}") = "QuizKursUno", "QuizKursUno\QuizKursUno\QuizKursUno.csproj", "{9E084E77-3E33-4912-B821-8DF1BA931545}"
EndProject
Project("{FAE04EC0-301F-11D3-BF4B-00C04F79EFBC}") = "QuizKursUno.Shared", "QuizKursUno\QuizKursUno.Shared\QuizKursUno.Shared.csproj", "{A278E66A-EB58-4444-8985-106B8814D64A}"
EndProject
Project("{FAE04EC0-301F-11D3-BF4B-00C04F79EFBC}") = "QuizKursUno.Mobile", "QuizKursUno\QuizKursUno.Mobile\QuizKursUno.Mobile.csproj", "{CE5A67BE-4D63-4E71-B147-3023B45212B0}"
EndProject
Project("{FAE04EC0-301F-11D3-BF4B-00C04F79EFBC}") = "QuizKursUno.Windows", "QuizKursUno\QuizKursUno.Windows\QuizKursUno.Windows.csproj", "{D3F184D3-CB51-4817-9D5B-D0B4FC2B8A09}"
EndProject
Project("{FAE04EC0-301F-11D3-BF4B-00C04F79EFBC}") = "QuizKursUno.Wasm", "QuizKursUno\QuizKursUno.Wasm\QuizKursUno.Wasm.csproj", "{1D6E11F6-5DA0-4D78-BB98-70CC145BCC9D}"
EndProject
Project("{FAE04EC0-301F-11D3-BF4B-00C04F79EFBC}") = "QuizKursUno.Skia.Gtk", "QuizKursUno\QuizKursUno.Skia.Gtk\QuizKursUno.Skia.Gtk.csproj", "{5411F63E-A7A9-44DF-8CA0-D3A32347A99F}"
EndProject
Project("{FAE04EC0-301F-11D3-BF4B-00C04F79EFBC}") = "QuizKursUno.Skia.Wpf", "QuizKursUno\QuizKursUno.Skia.WPF\QuizKursUno.Skia.Wpf.csproj", "{FBE579DB-9986-4837-BC7B-67810CA55A48}"
EndProject
Project("{2150E333-8FDC-42A3-9474-1A3956D46DE8}") = "QuizKursUno", "QuizKursUno", "{9947309B-F786-4E87-8771-4D9CF7F7EB36}"
EndProject
Global
	GlobalSection(SolutionConfigurationPlatforms) = preSolution
		Debug|Any CPU = Debug|Any CPU
		Debug|ARM = Debug|ARM
		Debug|ARM64 = Debug|ARM64
		Debug|x64 = Debug|x64
		Debug|x86 = Debug|x86
		Release|Any CPU = Release|Any CPU
		Release|ARM = Release|ARM
		Release|ARM64 = Release|ARM64
		Release|x64 = Release|x64
		Release|x86 = Release|x86
	EndGlobalSection
	GlobalSection(ProjectConfigurationPlatforms) = postSolution
		{0B60D567-DF77-4F0B-8E3E-BCC566F8AA8D}.Debug|Any CPU.ActiveCfg = Debug|x64
		{0B60D567-DF77-4F0B-8E3E-BCC566F8AA8D}.Debug|Any CPU.Build.0 = Debug|x64
		{0B60D567-DF77-4F0B-8E3E-BCC566F8AA8D}.Debug|Any CPU.Deploy.0 = Debug|x64
		{0B60D567-DF77-4F0B-8E3E-BCC566F8AA8D}.Debug|ARM.ActiveCfg = Debug|ARM
		{0B60D567-DF77-4F0B-8E3E-BCC566F8AA8D}.Debug|ARM.Build.0 = Debug|ARM
		{0B60D567-DF77-4F0B-8E3E-BCC566F8AA8D}.Debug|ARM.Deploy.0 = Debug|ARM
		{0B60D567-DF77-4F0B-8E3E-BCC566F8AA8D}.Debug|ARM64.ActiveCfg = Debug|ARM64
		{0B60D567-DF77-4F0B-8E3E-BCC566F8AA8D}.Debug|ARM64.Build.0 = Debug|ARM64
		{0B60D567-DF77-4F0B-8E3E-BCC566F8AA8D}.Debug|ARM64.Deploy.0 = Debug|ARM64
		{0B60D567-DF77-4F0B-8E3E-BCC566F8AA8D}.Debug|x64.ActiveCfg = Debug|x64
		{0B60D567-DF77-4F0B-8E3E-BCC566F8AA8D}.Debug|x64.Build.0 = Debug|x64
		{0B60D567-DF77-4F0B-8E3E-BCC566F8AA8D}.Debug|x64.Deploy.0 = Debug|x64
		{0B60D567-DF77-4F0B-8E3E-BCC566F8AA8D}.Debug|x86.ActiveCfg = Debug|x86
		{0B60D567-DF77-4F0B-8E3E-BCC566F8AA8D}.Debug|x86.Build.0 = Debug|x86
		{0B60D567-DF77-4F0B-8E3E-BCC566F8AA8D}.Debug|x86.Deploy.0 = Debug|x86
		{0B60D567-DF77-4F0B-8E3E-BCC566F8AA8D}.Release|Any CPU.ActiveCfg = Release|x64
		{0B60D567-DF77-4F0B-8E3E-BCC566F8AA8D}.Release|Any CPU.Build.0 = Release|x64
		{0B60D567-DF77-4F0B-8E3E-BCC566F8AA8D}.Release|Any CPU.Deploy.0 = Release|x64
		{0B60D567-DF77-4F0B-8E3E-BCC566F8AA8D}.Release|ARM.ActiveCfg = Release|ARM
		{0B60D567-DF77-4F0B-8E3E-BCC566F8AA8D}.Release|ARM.Build.0 = Release|ARM
		{0B60D567-DF77-4F0B-8E3E-BCC566F8AA8D}.Release|ARM.Deploy.0 = Release|ARM
		{0B60D567-DF77-4F0B-8E3E-BCC566F8AA8D}.Release|ARM64.ActiveCfg = Release|ARM64
		{0B60D567-DF77-4F0B-8E3E-BCC566F8AA8D}.Release|ARM64.Build.0 = Release|ARM64
		{0B60D567-DF77-4F0B-8E3E-BCC566F8AA8D}.Release|ARM64.Deploy.0 = Release|ARM64
		{0B60D567-DF77-4F0B-8E3E-BCC566F8AA8D}.Release|x64.ActiveCfg = Release|x64
		{0B60D567-DF77-4F0B-8E3E-BCC566F8AA8D}.Release|x64.Build.0 = Release|x64
		{0B60D567-DF77-4F0B-8E3E-BCC566F8AA8D}.Release|x64.Deploy.0 = Release|x64
		{0B60D567-DF77-4F0B-8E3E-BCC566F8AA8D}.Release|x86.ActiveCfg = Release|x86
		{0B60D567-DF77-4F0B-8E3E-BCC566F8AA8D}.Release|x86.Build.0 = Release|x86
		{0B60D567-DF77-4F0B-8E3E-BCC566F8AA8D}.Release|x86.Deploy.0 = Release|x86
		{EF12FE5A-B03C-486E-9075-5A77CBC473DE}.Debug|Any CPU.ActiveCfg = Debug|Any CPU
		{EF12FE5A-B03C-486E-9075-5A77CBC473DE}.Debug|Any CPU.Build.0 = Debug|Any CPU
		{EF12FE5A-B03C-486E-9075-5A77CBC473DE}.Debug|ARM.ActiveCfg = Debug|Any CPU
		{EF12FE5A-B03C-486E-9075-5A77CBC473DE}.Debug|ARM.Build.0 = Debug|Any CPU
		{EF12FE5A-B03C-486E-9075-5A77CBC473DE}.Debug|ARM64.ActiveCfg = Debug|Any CPU
		{EF12FE5A-B03C-486E-9075-5A77CBC473DE}.Debug|ARM64.Build.0 = Debug|Any CPU
		{EF12FE5A-B03C-486E-9075-5A77CBC473DE}.Debug|x64.ActiveCfg = Debug|Any CPU
		{EF12FE5A-B03C-486E-9075-5A77CBC473DE}.Debug|x64.Build.0 = Debug|Any CPU
		{EF12FE5A-B03C-486E-9075-5A77CBC473DE}.Debug|x86.ActiveCfg = Debug|Any CPU
		{EF12FE5A-B03C-486E-9075-5A77CBC473DE}.Debug|x86.Build.0 = Debug|Any CPU
		{EF12FE5A-B03C-486E-9075-5A77CBC473DE}.Release|Any CPU.ActiveCfg = Release|Any CPU
		{EF12FE5A-B03C-486E-9075-5A77CBC473DE}.Release|Any CPU.Build.0 = Release|Any CPU
		{EF12FE5A-B03C-486E-9075-5A77CBC473DE}.Release|ARM.ActiveCfg = Release|Any CPU
		{EF12FE5A-B03C-486E-9075-5A77CBC473DE}.Release|ARM.Build.0 = Release|Any CPU
		{EF12FE5A-B03C-486E-9075-5A77CBC473DE}.Release|ARM64.ActiveCfg = Release|Any CPU
		{EF12FE5A-B03C-486E-9075-5A77CBC473DE}.Release|ARM64.Build.0 = Release|Any CPU
		{EF12FE5A-B03C-486E-9075-5A77CBC473DE}.Release|x64.ActiveCfg = Release|Any CPU
		{EF12FE5A-B03C-486E-9075-5A77CBC473DE}.Release|x64.Build.0 = Release|Any CPU
		{EF12FE5A-B03C-486E-9075-5A77CBC473DE}.Release|x86.ActiveCfg = Release|Any CPU
		{EF12FE5A-B03C-486E-9075-5A77CBC473DE}.Release|x86.Build.0 = Release|Any CPU
		{1A328D2A-300B-4654-8172-51AC4D39F11A}.Debug|Any CPU.ActiveCfg = Debug|Any CPU
		{1A328D2A-300B-4654-8172-51AC4D39F11A}.Debug|Any CPU.Build.0 = Debug|Any CPU
		{1A328D2A-300B-4654-8172-51AC4D39F11A}.Debug|ARM.ActiveCfg = Debug|Any CPU
		{1A328D2A-300B-4654-8172-51AC4D39F11A}.Debug|ARM.Build.0 = Debug|Any CPU
		{1A328D2A-300B-4654-8172-51AC4D39F11A}.Debug|ARM64.ActiveCfg = Debug|Any CPU
		{1A328D2A-300B-4654-8172-51AC4D39F11A}.Debug|ARM64.Build.0 = Debug|Any CPU
		{1A328D2A-300B-4654-8172-51AC4D39F11A}.Debug|x64.ActiveCfg = Debug|Any CPU
		{1A328D2A-300B-4654-8172-51AC4D39F11A}.Debug|x64.Build.0 = Debug|Any CPU
		{1A328D2A-300B-4654-8172-51AC4D39F11A}.Debug|x86.ActiveCfg = Debug|Any CPU
		{1A328D2A-300B-4654-8172-51AC4D39F11A}.Debug|x86.Build.0 = Debug|Any CPU
		{1A328D2A-300B-4654-8172-51AC4D39F11A}.Release|Any CPU.ActiveCfg = Release|Any CPU
		{1A328D2A-300B-4654-8172-51AC4D39F11A}.Release|Any CPU.Build.0 = Release|Any CPU
		{1A328D2A-300B-4654-8172-51AC4D39F11A}.Release|ARM.ActiveCfg = Release|Any CPU
		{1A328D2A-300B-4654-8172-51AC4D39F11A}.Release|ARM.Build.0 = Release|Any CPU
		{1A328D2A-300B-4654-8172-51AC4D39F11A}.Release|ARM64.ActiveCfg = Release|Any CPU
		{1A328D2A-300B-4654-8172-51AC4D39F11A}.Release|ARM64.Build.0 = Release|Any CPU
		{1A328D2A-300B-4654-8172-51AC4D39F11A}.Release|x64.ActiveCfg = Release|Any CPU
		{1A328D2A-300B-4654-8172-51AC4D39F11A}.Release|x64.Build.0 = Release|Any CPU
		{1A328D2A-300B-4654-8172-51AC4D39F11A}.Release|x86.ActiveCfg = Release|Any CPU
		{1A328D2A-300B-4654-8172-51AC4D39F11A}.Release|x86.Build.0 = Release|Any CPU
		{9E084E77-3E33-4912-B821-8DF1BA931545}.Debug|Any CPU.ActiveCfg = Debug|Any CPU
		{9E084E77-3E33-4912-B821-8DF1BA931545}.Debug|Any CPU.Build.0 = Debug|Any CPU
		{9E084E77-3E33-4912-B821-8DF1BA931545}.Debug|ARM.ActiveCfg = Debug|Any CPU
		{9E084E77-3E33-4912-B821-8DF1BA931545}.Debug|ARM.Build.0 = Debug|Any CPU
		{9E084E77-3E33-4912-B821-8DF1BA931545}.Debug|ARM64.ActiveCfg = Debug|Any CPU
		{9E084E77-3E33-4912-B821-8DF1BA931545}.Debug|ARM64.Build.0 = Debug|Any CPU
		{9E084E77-3E33-4912-B821-8DF1BA931545}.Debug|x64.ActiveCfg = Debug|Any CPU
		{9E084E77-3E33-4912-B821-8DF1BA931545}.Debug|x64.Build.0 = Debug|Any CPU
		{9E084E77-3E33-4912-B821-8DF1BA931545}.Debug|x86.ActiveCfg = Debug|Any CPU
		{9E084E77-3E33-4912-B821-8DF1BA931545}.Debug|x86.Build.0 = Debug|Any CPU
		{9E084E77-3E33-4912-B821-8DF1BA931545}.Release|Any CPU.ActiveCfg = Release|Any CPU
		{9E084E77-3E33-4912-B821-8DF1BA931545}.Release|Any CPU.Build.0 = Release|Any CPU
		{9E084E77-3E33-4912-B821-8DF1BA931545}.Release|ARM.ActiveCfg = Release|Any CPU
		{9E084E77-3E33-4912-B821-8DF1BA931545}.Release|ARM.Build.0 = Release|Any CPU
		{9E084E77-3E33-4912-B821-8DF1BA931545}.Release|ARM64.ActiveCfg = Release|Any CPU
		{9E084E77-3E33-4912-B821-8DF1BA931545}.Release|ARM64.Build.0 = Release|Any CPU
		{9E084E77-3E33-4912-B821-8DF1BA931545}.Release|x64.ActiveCfg = Release|Any CPU
		{9E084E77-3E33-4912-B821-8DF1BA931545}.Release|x64.Build.0 = Release|Any CPU
		{9E084E77-3E33-4912-B821-8DF1BA931545}.Release|x86.ActiveCfg = Release|Any CPU
		{9E084E77-3E33-4912-B821-8DF1BA931545}.Release|x86.Build.0 = Release|Any CPU
		{A278E66A-EB58-4444-8985-106B8814D64A}.Debug|Any CPU.ActiveCfg = Debug|Any CPU
		{A278E66A-EB58-4444-8985-106B8814D64A}.Debug|Any CPU.Build.0 = Debug|Any CPU
		{A278E66A-EB58-4444-8985-106B8814D64A}.Debug|ARM.ActiveCfg = Debug|Any CPU
		{A278E66A-EB58-4444-8985-106B8814D64A}.Debug|ARM.Build.0 = Debug|Any CPU
		{A278E66A-EB58-4444-8985-106B8814D64A}.Debug|ARM64.ActiveCfg = Debug|Any CPU
		{A278E66A-EB58-4444-8985-106B8814D64A}.Debug|ARM64.Build.0 = Debug|Any CPU
		{A278E66A-EB58-4444-8985-106B8814D64A}.Debug|x64.ActiveCfg = Debug|Any CPU
		{A278E66A-EB58-4444-8985-106B8814D64A}.Debug|x64.Build.0 = Debug|Any CPU
		{A278E66A-EB58-4444-8985-106B8814D64A}.Debug|x86.ActiveCfg = Debug|Any CPU
		{A278E66A-EB58-4444-8985-106B8814D64A}.Debug|x86.Build.0 = Debug|Any CPU
		{A278E66A-EB58-4444-8985-106B8814D64A}.Release|Any CPU.ActiveCfg = Release|Any CPU
		{A278E66A-EB58-4444-8985-106B8814D64A}.Release|Any CPU.Build.0 = Release|Any CPU
		{A278E66A-EB58-4444-8985-106B8814D64A}.Release|ARM.ActiveCfg = Release|Any CPU
		{A278E66A-EB58-4444-8985-106B8814D64A}.Release|ARM.Build.0 = Release|Any CPU
		{A278E66A-EB58-4444-8985-106B8814D64A}.Release|ARM64.ActiveCfg = Release|Any CPU
		{A278E66A-EB58-4444-8985-106B8814D64A}.Release|ARM64.Build.0 = Release|Any CPU
		{A278E66A-EB58-4444-8985-106B8814D64A}.Release|x64.ActiveCfg = Release|Any CPU
		{A278E66A-EB58-4444-8985-106B8814D64A}.Release|x64.Build.0 = Release|Any CPU
		{A278E66A-EB58-4444-8985-106B8814D64A}.Release|x86.ActiveCfg = Release|Any CPU
		{A278E66A-EB58-4444-8985-106B8814D64A}.Release|x86.Build.0 = Release|Any CPU
		{CE5A67BE-4D63-4E71-B147-3023B45212B0}.Debug|Any CPU.ActiveCfg = Debug|Any CPU
		{CE5A67BE-4D63-4E71-B147-3023B45212B0}.Debug|Any CPU.Build.0 = Debug|Any CPU
		{CE5A67BE-4D63-4E71-B147-3023B45212B0}.Debug|Any CPU.Deploy.0 = Debug|Any CPU
		{CE5A67BE-4D63-4E71-B147-3023B45212B0}.Debug|ARM.ActiveCfg = Debug|Any CPU
		{CE5A67BE-4D63-4E71-B147-3023B45212B0}.Debug|ARM.Build.0 = Debug|Any CPU
		{CE5A67BE-4D63-4E71-B147-3023B45212B0}.Debug|ARM.Deploy.0 = Debug|Any CPU
		{CE5A67BE-4D63-4E71-B147-3023B45212B0}.Debug|ARM64.ActiveCfg = Debug|Any CPU
		{CE5A67BE-4D63-4E71-B147-3023B45212B0}.Debug|ARM64.Build.0 = Debug|Any CPU
		{CE5A67BE-4D63-4E71-B147-3023B45212B0}.Debug|ARM64.Deploy.0 = Debug|Any CPU
		{CE5A67BE-4D63-4E71-B147-3023B45212B0}.Debug|x64.ActiveCfg = Debug|Any CPU
		{CE5A67BE-4D63-4E71-B147-3023B45212B0}.Debug|x64.Build.0 = Debug|Any CPU
		{CE5A67BE-4D63-4E71-B147-3023B45212B0}.Debug|x64.Deploy.0 = Debug|Any CPU
		{CE5A67BE-4D63-4E71-B147-3023B45212B0}.Debug|x86.ActiveCfg = Debug|Any CPU
		{CE5A67BE-4D63-4E71-B147-3023B45212B0}.Debug|x86.Build.0 = Debug|Any CPU
		{CE5A67BE-4D63-4E71-B147-3023B45212B0}.Debug|x86.Deploy.0 = Debug|Any CPU
		{CE5A67BE-4D63-4E71-B147-3023B45212B0}.Release|Any CPU.ActiveCfg = Release|Any CPU
		{CE5A67BE-4D63-4E71-B147-3023B45212B0}.Release|Any CPU.Build.0 = Release|Any CPU
		{CE5A67BE-4D63-4E71-B147-3023B45212B0}.Release|Any CPU.Deploy.0 = Release|Any CPU
		{CE5A67BE-4D63-4E71-B147-3023B45212B0}.Release|ARM.ActiveCfg = Release|Any CPU
		{CE5A67BE-4D63-4E71-B147-3023B45212B0}.Release|ARM.Build.0 = Release|Any CPU
		{CE5A67BE-4D63-4E71-B147-3023B45212B0}.Release|ARM.Deploy.0 = Release|Any CPU
		{CE5A67BE-4D63-4E71-B147-3023B45212B0}.Release|ARM64.ActiveCfg = Release|Any CPU
		{CE5A67BE-4D63-4E71-B147-3023B45212B0}.Release|ARM64.Build.0 = Release|Any CPU
		{CE5A67BE-4D63-4E71-B147-3023B45212B0}.Release|ARM64.Deploy.0 = Release|Any CPU
		{CE5A67BE-4D63-4E71-B147-3023B45212B0}.Release|x64.ActiveCfg = Release|Any CPU
		{CE5A67BE-4D63-4E71-B147-3023B45212B0}.Release|x64.Build.0 = Release|Any CPU
		{CE5A67BE-4D63-4E71-B147-3023B45212B0}.Release|x64.Deploy.0 = Release|Any CPU
		{CE5A67BE-4D63-4E71-B147-3023B45212B0}.Release|x86.ActiveCfg = Release|Any CPU
		{CE5A67BE-4D63-4E71-B147-3023B45212B0}.Release|x86.Build.0 = Release|Any CPU
		{CE5A67BE-4D63-4E71-B147-3023B45212B0}.Release|x86.Deploy.0 = Release|Any CPU
		{D3F184D3-CB51-4817-9D5B-D0B4FC2B8A09}.Debug|Any CPU.ActiveCfg = Debug|x64
		{D3F184D3-CB51-4817-9D5B-D0B4FC2B8A09}.Debug|Any CPU.Build.0 = Debug|x64
		{D3F184D3-CB51-4817-9D5B-D0B4FC2B8A09}.Debug|ARM.ActiveCfg = Debug|x64
		{D3F184D3-CB51-4817-9D5B-D0B4FC2B8A09}.Debug|ARM.Build.0 = Debug|x64
		{D3F184D3-CB51-4817-9D5B-D0B4FC2B8A09}.Debug|ARM64.ActiveCfg = Debug|arm64
		{D3F184D3-CB51-4817-9D5B-D0B4FC2B8A09}.Debug|ARM64.Build.0 = Debug|arm64
		{D3F184D3-CB51-4817-9D5B-D0B4FC2B8A09}.Debug|x64.ActiveCfg = Debug|x64
		{D3F184D3-CB51-4817-9D5B-D0B4FC2B8A09}.Debug|x64.Build.0 = Debug|x64
		{D3F184D3-CB51-4817-9D5B-D0B4FC2B8A09}.Debug|x86.ActiveCfg = Debug|x86
		{D3F184D3-CB51-4817-9D5B-D0B4FC2B8A09}.Debug|x86.Build.0 = Debug|x86
		{D3F184D3-CB51-4817-9D5B-D0B4FC2B8A09}.Release|Any CPU.ActiveCfg = Release|x64
		{D3F184D3-CB51-4817-9D5B-D0B4FC2B8A09}.Release|Any CPU.Build.0 = Release|x64
		{D3F184D3-CB51-4817-9D5B-D0B4FC2B8A09}.Release|ARM.ActiveCfg = Release|x64
		{D3F184D3-CB51-4817-9D5B-D0B4FC2B8A09}.Release|ARM.Build.0 = Release|x64
		{D3F184D3-CB51-4817-9D5B-D0B4FC2B8A09}.Release|ARM64.ActiveCfg = Release|arm64
		{D3F184D3-CB51-4817-9D5B-D0B4FC2B8A09}.Release|ARM64.Build.0 = Release|arm64
		{D3F184D3-CB51-4817-9D5B-D0B4FC2B8A09}.Release|x64.ActiveCfg = Release|x64
		{D3F184D3-CB51-4817-9D5B-D0B4FC2B8A09}.Release|x64.Build.0 = Release|x64
		{D3F184D3-CB51-4817-9D5B-D0B4FC2B8A09}.Release|x86.ActiveCfg = Release|x86
		{D3F184D3-CB51-4817-9D5B-D0B4FC2B8A09}.Release|x86.Build.0 = Release|x86
		{1D6E11F6-5DA0-4D78-BB98-70CC145BCC9D}.Debug|Any CPU.ActiveCfg = Debug|Any CPU
		{1D6E11F6-5DA0-4D78-BB98-70CC145BCC9D}.Debug|Any CPU.Build.0 = Debug|Any CPU
		{1D6E11F6-5DA0-4D78-BB98-70CC145BCC9D}.Debug|ARM.ActiveCfg = Debug|Any CPU
		{1D6E11F6-5DA0-4D78-BB98-70CC145BCC9D}.Debug|ARM.Build.0 = Debug|Any CPU
		{1D6E11F6-5DA0-4D78-BB98-70CC145BCC9D}.Debug|ARM64.ActiveCfg = Debug|Any CPU
		{1D6E11F6-5DA0-4D78-BB98-70CC145BCC9D}.Debug|ARM64.Build.0 = Debug|Any CPU
		{1D6E11F6-5DA0-4D78-BB98-70CC145BCC9D}.Debug|x64.ActiveCfg = Debug|Any CPU
		{1D6E11F6-5DA0-4D78-BB98-70CC145BCC9D}.Debug|x64.Build.0 = Debug|Any CPU
		{1D6E11F6-5DA0-4D78-BB98-70CC145BCC9D}.Debug|x86.ActiveCfg = Debug|Any CPU
		{1D6E11F6-5DA0-4D78-BB98-70CC145BCC9D}.Debug|x86.Build.0 = Debug|Any CPU
		{1D6E11F6-5DA0-4D78-BB98-70CC145BCC9D}.Release|Any CPU.ActiveCfg = Release|Any CPU
		{1D6E11F6-5DA0-4D78-BB98-70CC145BCC9D}.Release|Any CPU.Build.0 = Release|Any CPU
		{1D6E11F6-5DA0-4D78-BB98-70CC145BCC9D}.Release|ARM.ActiveCfg = Release|Any CPU
		{1D6E11F6-5DA0-4D78-BB98-70CC145BCC9D}.Release|ARM.Build.0 = Release|Any CPU
		{1D6E11F6-5DA0-4D78-BB98-70CC145BCC9D}.Release|ARM64.ActiveCfg = Release|Any CPU
		{1D6E11F6-5DA0-4D78-BB98-70CC145BCC9D}.Release|ARM64.Build.0 = Release|Any CPU
		{1D6E11F6-5DA0-4D78-BB98-70CC145BCC9D}.Release|x64.ActiveCfg = Release|Any CPU
		{1D6E11F6-5DA0-4D78-BB98-70CC145BCC9D}.Release|x64.Build.0 = Release|Any CPU
		{1D6E11F6-5DA0-4D78-BB98-70CC145BCC9D}.Release|x86.ActiveCfg = Release|Any CPU
		{1D6E11F6-5DA0-4D78-BB98-70CC145BCC9D}.Release|x86.Build.0 = Release|Any CPU
		{5411F63E-A7A9-44DF-8CA0-D3A32347A99F}.Debug|Any CPU.ActiveCfg = Debug|Any CPU
		{5411F63E-A7A9-44DF-8CA0-D3A32347A99F}.Debug|Any CPU.Build.0 = Debug|Any CPU
		{5411F63E-A7A9-44DF-8CA0-D3A32347A99F}.Debug|ARM.ActiveCfg = Debug|Any CPU
		{5411F63E-A7A9-44DF-8CA0-D3A32347A99F}.Debug|ARM.Build.0 = Debug|Any CPU
		{5411F63E-A7A9-44DF-8CA0-D3A32347A99F}.Debug|ARM64.ActiveCfg = Debug|Any CPU
		{5411F63E-A7A9-44DF-8CA0-D3A32347A99F}.Debug|ARM64.Build.0 = Debug|Any CPU
		{5411F63E-A7A9-44DF-8CA0-D3A32347A99F}.Debug|x64.ActiveCfg = Debug|Any CPU
		{5411F63E-A7A9-44DF-8CA0-D3A32347A99F}.Debug|x64.Build.0 = Debug|Any CPU
		{5411F63E-A7A9-44DF-8CA0-D3A32347A99F}.Debug|x86.ActiveCfg = Debug|Any CPU
		{5411F63E-A7A9-44DF-8CA0-D3A32347A99F}.Debug|x86.Build.0 = Debug|Any CPU
		{5411F63E-A7A9-44DF-8CA0-D3A32347A99F}.Release|Any CPU.ActiveCfg = Release|Any CPU
		{5411F63E-A7A9-44DF-8CA0-D3A32347A99F}.Release|Any CPU.Build.0 = Release|Any CPU
		{5411F63E-A7A9-44DF-8CA0-D3A32347A99F}.Release|ARM.ActiveCfg = Release|Any CPU
		{5411F63E-A7A9-44DF-8CA0-D3A32347A99F}.Release|ARM.Build.0 = Release|Any CPU
		{5411F63E-A7A9-44DF-8CA0-D3A32347A99F}.Release|ARM64.ActiveCfg = Release|Any CPU
		{5411F63E-A7A9-44DF-8CA0-D3A32347A99F}.Release|ARM64.Build.0 = Release|Any CPU
		{5411F63E-A7A9-44DF-8CA0-D3A32347A99F}.Release|x64.ActiveCfg = Release|Any CPU
		{5411F63E-A7A9-44DF-8CA0-D3A32347A99F}.Release|x64.Build.0 = Release|Any CPU
		{5411F63E-A7A9-44DF-8CA0-D3A32347A99F}.Release|x86.ActiveCfg = Release|Any CPU
		{5411F63E-A7A9-44DF-8CA0-D3A32347A99F}.Release|x86.Build.0 = Release|Any CPU
		{FBE579DB-9986-4837-BC7B-67810CA55A48}.Debug|Any CPU.ActiveCfg = Debug|Any CPU
		{FBE579DB-9986-4837-BC7B-67810CA55A48}.Debug|Any CPU.Build.0 = Debug|Any CPU
		{FBE579DB-9986-4837-BC7B-67810CA55A48}.Debug|ARM.ActiveCfg = Debug|Any CPU
		{FBE579DB-9986-4837-BC7B-67810CA55A48}.Debug|ARM.Build.0 = Debug|Any CPU
		{FBE579DB-9986-4837-BC7B-67810CA55A48}.Debug|ARM64.ActiveCfg = Debug|Any CPU
		{FBE579DB-9986-4837-BC7B-67810CA55A48}.Debug|ARM64.Build.0 = Debug|Any CPU
		{FBE579DB-9986-4837-BC7B-67810CA55A48}.Debug|x64.ActiveCfg = Debug|Any CPU
		{FBE579DB-9986-4837-BC7B-67810CA55A48}.Debug|x64.Build.0 = Debug|Any CPU
		{FBE579DB-9986-4837-BC7B-67810CA55A48}.Debug|x86.ActiveCfg = Debug|Any CPU
		{FBE579DB-9986-4837-BC7B-67810CA55A48}.Debug|x86.Build.0 = Debug|Any CPU
		{FBE579DB-9986-4837-BC7B-67810CA55A48}.Release|Any CPU.ActiveCfg = Release|Any CPU
		{FBE579DB-9986-4837-BC7B-67810CA55A48}.Release|Any CPU.Build.0 = Release|Any CPU
		{FBE579DB-9986-4837-BC7B-67810CA55A48}.Release|ARM.ActiveCfg = Release|Any CPU
		{FBE579DB-9986-4837-BC7B-67810CA55A48}.Release|ARM.Build.0 = Release|Any CPU
		{FBE579DB-9986-4837-BC7B-67810CA55A48}.Release|ARM64.ActiveCfg = Release|Any CPU
		{FBE579DB-9986-4837-BC7B-67810CA55A48}.Release|ARM64.Build.0 = Release|Any CPU
		{FBE579DB-9986-4837-BC7B-67810CA55A48}.Release|x64.ActiveCfg = Release|Any CPU
		{FBE579DB-9986-4837-BC7B-67810CA55A48}.Release|x64.Build.0 = Release|Any CPU
		{FBE579DB-9986-4837-BC7B-67810CA55A48}.Release|x86.ActiveCfg = Release|Any CPU
		{FBE579DB-9986-4837-BC7B-67810CA55A48}.Release|x86.Build.0 = Release|Any CPU
	EndGlobalSection
	GlobalSection(SolutionProperties) = preSolution
		HideSolutionNode = FALSE
	EndGlobalSection
	GlobalSection(NestedProjects) = preSolution
		{9E084E77-3E33-4912-B821-8DF1BA931545} = {9947309B-F786-4E87-8771-4D9CF7F7EB36}
		{A278E66A-EB58-4444-8985-106B8814D64A} = {9947309B-F786-4E87-8771-4D9CF7F7EB36}
		{CE5A67BE-4D63-4E71-B147-3023B45212B0} = {9947309B-F786-4E87-8771-4D9CF7F7EB36}
		{D3F184D3-CB51-4817-9D5B-D0B4FC2B8A09} = {9947309B-F786-4E87-8771-4D9CF7F7EB36}
		{1D6E11F6-5DA0-4D78-BB98-70CC145BCC9D} = {9947309B-F786-4E87-8771-4D9CF7F7EB36}
		{5411F63E-A7A9-44DF-8CA0-D3A32347A99F} = {9947309B-F786-4E87-8771-4D9CF7F7EB36}
		{FBE579DB-9986-4837-BC7B-67810CA55A48} = {9947309B-F786-4E87-8771-4D9CF7F7EB36}
	EndGlobalSection
	GlobalSection(ExtensibilityGlobals) = postSolution
		SolutionGuid = {45E12569-B342-4C74-B239-F3FED97B04EC}
	EndGlobalSection
EndGlobal
