
Microsoft Visual Studio Solution File, Format Version 12.00
# Visual Studio Version 17
VisualStudioVersion = 17.0.32014.148
MinimumVisualStudioVersion = 10.0.40219.1
Project("{F184B08F-C81C-45F6-A57F-5ABD9991F28F}") = "QuizKurs", "EduQuiz\QuizKurs.vbproj", "{0B60D567-DF77-4F0B-8E3E-BCC566F8AA8D}"
EndProject
Project("{778DAE3C-4631-46EA-AA77-85C1314464D9}") = "VBlib", "VBlibek\VBlib.vbproj", "{EF12FE5A-B03C-486E-9075-5A77CBC473DE}"
EndProject
Project("{778DAE3C-4631-46EA-AA77-85C1314464D9}") = "QuizKursWPF", "QuizKursWPF\QuizKursWPF.vbproj", "{1A328D2A-300B-4654-8172-51AC4D39F11A}"
EndProject
Global
	GlobalSection(SolutionConfigurationPlatforms) = preSolution
		Debug|Any CPU = Debug|Any CPU
		Debug|ARM = Debug|ARM
		Debug|ARM64 = Debug|ARM64
		Debug|x64 = Debug|x64
		Debug|x86 = Debug|x86
		Release|Any CPU = Release|Any CPU
		Release|ARM = Release|ARM
		Release|ARM64 = Release|ARM64
		Release|x64 = Release|x64
		Release|x86 = Release|x86
	EndGlobalSection
	GlobalSection(ProjectConfigurationPlatforms) = postSolution
		{0B60D567-DF77-4F0B-8E3E-BCC566F8AA8D}.Debug|Any CPU.ActiveCfg = Debug|x64
		{0B60D567-DF77-4F0B-8E3E-BCC566F8AA8D}.Debug|Any CPU.Build.0 = Debug|x64
		{0B60D567-DF77-4F0B-8E3E-BCC566F8AA8D}.Debug|Any CPU.Deploy.0 = Debug|x64
		{0B60D567-DF77-4F0B-8E3E-BCC566F8AA8D}.Debug|ARM.ActiveCfg = Debug|ARM
		{0B60D567-DF77-4F0B-8E3E-BCC566F8AA8D}.Debug|ARM.Build.0 = Debug|ARM
		{0B60D567-DF77-4F0B-8E3E-BCC566F8AA8D}.Debug|ARM.Deploy.0 = Debug|ARM
		{0B60D567-DF77-4F0B-8E3E-BCC566F8AA8D}.Debug|ARM64.ActiveCfg = Debug|ARM64
		{0B60D567-DF77-4F0B-8E3E-BCC566F8AA8D}.Debug|ARM64.Build.0 = Debug|ARM64
		{0B60D567-DF77-4F0B-8E3E-BCC566F8AA8D}.Debug|ARM64.Deploy.0 = Debug|ARM64
		{0B60D567-DF77-4F0B-8E3E-BCC566F8AA8D}.Debug|x64.ActiveCfg = Debug|x64
		{0B60D567-DF77-4F0B-8E3E-BCC566F8AA8D}.Debug|x64.Build.0 = Debug|x64
		{0B60D567-DF77-4F0B-8E3E-BCC566F8AA8D}.Debug|x64.Deploy.0 = Debug|x64
		{0B60D567-DF77-4F0B-8E3E-BCC566F8AA8D}.Debug|x86.ActiveCfg = Debug|x86
		{0B60D567-DF77-4F0B-8E3E-BCC566F8AA8D}.Debug|x86.Build.0 = Debug|x86
		{0B60D567-DF77-4F0B-8E3E-BCC566F8AA8D}.Debug|x86.Deploy.0 = Debug|x86
		{0B60D567-DF77-4F0B-8E3E-BCC566F8AA8D}.Release|Any CPU.ActiveCfg = Release|x64
		{0B60D567-DF77-4F0B-8E3E-BCC566F8AA8D}.Release|Any CPU.Build.0 = Release|x64
		{0B60D567-DF77-4F0B-8E3E-BCC566F8AA8D}.Release|Any CPU.Deploy.0 = Release|x64
		{0B60D567-DF77-4F0B-8E3E-BCC566F8AA8D}.Release|ARM.ActiveCfg = Release|ARM
		{0B60D567-DF77-4F0B-8E3E-BCC566F8AA8D}.Release|ARM.Build.0 = Release|ARM
		{0B60D567-DF77-4F0B-8E3E-BCC566F8AA8D}.Release|ARM.Deploy.0 = Release|ARM
		{0B60D567-DF77-4F0B-8E3E-BCC566F8AA8D}.Release|ARM64.ActiveCfg = Release|ARM64
		{0B60D567-DF77-4F0B-8E3E-BCC566F8AA8D}.Release|ARM64.Build.0 = Release|ARM64
		{0B60D567-DF77-4F0B-8E3E-BCC566F8AA8D}.Release|ARM64.Deploy.0 = Release|ARM64
		{0B60D567-DF77-4F0B-8E3E-BCC566F8AA8D}.Release|x64.ActiveCfg = Release|x64
		{0B60D567-DF77-4F0B-8E3E-BCC566F8AA8D}.Release|x64.Build.0 = Release|x64
		{0B60D567-DF77-4F0B-8E3E-BCC566F8AA8D}.Release|x64.Deploy.0 = Release|x64
		{0B60D567-DF77-4F0B-8E3E-BCC566F8AA8D}.Release|x86.ActiveCfg = Release|x86
		{0B60D567-DF77-4F0B-8E3E-BCC566F8AA8D}.Release|x86.Build.0 = Release|x86
		{0B60D567-DF77-4F0B-8E3E-BCC566F8AA8D}.Release|x86.Deploy.0 = Release|x86
		{EF12FE5A-B03C-486E-9075-5A77CBC473DE}.Debug|Any CPU.ActiveCfg = Debug|Any CPU
		{EF12FE5A-B03C-486E-9075-5A77CBC473DE}.Debug|Any CPU.Build.0 = Debug|Any CPU
		{EF12FE5A-B03C-486E-9075-5A77CBC473DE}.Debug|ARM.ActiveCfg = Debug|Any CPU
		{EF12FE5A-B03C-486E-9075-5A77CBC473DE}.Debug|ARM.Build.0 = Debug|Any CPU
		{EF12FE5A-B03C-486E-9075-5A77CBC473DE}.Debug|ARM64.ActiveCfg = Debug|Any CPU
		{EF12FE5A-B03C-486E-9075-5A77CBC473DE}.Debug|ARM64.Build.0 = Debug|Any CPU
		{EF12FE5A-B03C-486E-9075-5A77CBC473DE}.Debug|x64.ActiveCfg = Debug|Any CPU
		{EF12FE5A-B03C-486E-9075-5A77CBC473DE}.Debug|x64.Build.0 = Debug|Any CPU
		{EF12FE5A-B03C-486E-9075-5A77CBC473DE}.Debug|x86.ActiveCfg = Debug|Any CPU
		{EF12FE5A-B03C-486E-9075-5A77CBC473DE}.Debug|x86.Build.0 = Debug|Any CPU
		{EF12FE5A-B03C-486E-9075-5A77CBC473DE}.Release|Any CPU.ActiveCfg = Release|Any CPU
		{EF12FE5A-B03C-486E-9075-5A77CBC473DE}.Release|Any CPU.Build.0 = Release|Any CPU
		{EF12FE5A-B03C-486E-9075-5A77CBC473DE}.Release|ARM.ActiveCfg = Release|Any CPU
		{EF12FE5A-B03C-486E-9075-5A77CBC473DE}.Release|ARM.Build.0 = Release|Any CPU
		{EF12FE5A-B03C-486E-9075-5A77CBC473DE}.Release|ARM64.ActiveCfg = Release|Any CPU
		{EF12FE5A-B03C-486E-9075-5A77CBC473DE}.Release|ARM64.Build.0 = Release|Any CPU
		{EF12FE5A-B03C-486E-9075-5A77CBC473DE}.Release|x64.ActiveCfg = Release|Any CPU
		{EF12FE5A-B03C-486E-9075-5A77CBC473DE}.Release|x64.Build.0 = Release|Any CPU
		{EF12FE5A-B03C-486E-9075-5A77CBC473DE}.Release|x86.ActiveCfg = Release|Any CPU
		{EF12FE5A-B03C-486E-9075-5A77CBC473DE}.Release|x86.Build.0 = Release|Any CPU
		{1A328D2A-300B-4654-8172-51AC4D39F11A}.Debug|Any CPU.ActiveCfg = Debug|Any CPU
		{1A328D2A-300B-4654-8172-51AC4D39F11A}.Debug|Any CPU.Build.0 = Debug|Any CPU
		{1A328D2A-300B-4654-8172-51AC4D39F11A}.Debug|ARM.ActiveCfg = Debug|Any CPU
		{1A328D2A-300B-4654-8172-51AC4D39F11A}.Debug|ARM.Build.0 = Debug|Any CPU
		{1A328D2A-300B-4654-8172-51AC4D39F11A}.Debug|ARM64.ActiveCfg = Debug|Any CPU
		{1A328D2A-300B-4654-8172-51AC4D39F11A}.Debug|ARM64.Build.0 = Debug|Any CPU
		{1A328D2A-300B-4654-8172-51AC4D39F11A}.Debug|x64.ActiveCfg = Debug|Any CPU
		{1A328D2A-300B-4654-8172-51AC4D39F11A}.Debug|x64.Build.0 = Debug|Any CPU
		{1A328D2A-300B-4654-8172-51AC4D39F11A}.Debug|x86.ActiveCfg = Debug|Any CPU
		{1A328D2A-300B-4654-8172-51AC4D39F11A}.Debug|x86.Build.0 = Debug|Any CPU
		{1A328D2A-300B-4654-8172-51AC4D39F11A}.Release|Any CPU.ActiveCfg = Release|Any CPU
		{1A328D2A-300B-4654-8172-51AC4D39F11A}.Release|Any CPU.Build.0 = Release|Any CPU
		{1A328D2A-300B-4654-8172-51AC4D39F11A}.Release|ARM.ActiveCfg = Release|Any CPU
		{1A328D2A-300B-4654-8172-51AC4D39F11A}.Release|ARM.Build.0 = Release|Any CPU
		{1A328D2A-300B-4654-8172-51AC4D39F11A}.Release|ARM64.ActiveCfg = Release|Any CPU
		{1A328D2A-300B-4654-8172-51AC4D39F11A}.Release|ARM64.Build.0 = Release|Any CPU
		{1A328D2A-300B-4654-8172-51AC4D39F11A}.Release|x64.ActiveCfg = Release|Any CPU
		{1A328D2A-300B-4654-8172-51AC4D39F11A}.Release|x64.Build.0 = Release|Any CPU
		{1A328D2A-300B-4654-8172-51AC4D39F11A}.Release|x86.ActiveCfg = Release|Any CPU
		{1A328D2A-300B-4654-8172-51AC4D39F11A}.Release|x86.Build.0 = Release|Any CPU
	EndGlobalSection
	GlobalSection(SolutionProperties) = preSolution
		HideSolutionNode = FALSE
	EndGlobalSection
	GlobalSection(ExtensibilityGlobals) = postSolution
		SolutionGuid = {45E12569-B342-4C74-B239-F3FED97B04EC}
	EndGlobalSection
EndGlobal
